{
  "nodes": {
    "home-manager": {
      "inputs": {
        "nixpkgs": [
          "nixpkgs"
        ]
      },
      "locked": {
        "lastModified": 1718744742,
        "narHash": "sha256-kOG10gJ3zLZNiom9NXJM4/mA4/lsmR3rp74YVw+iros=",
        "owner": "nix-community",
        "repo": "home-manager",
        "rev": "0dd1c1495af6e6424695670343236f0053bf4947",
        "type": "github"
      },
      "original": {
        "owner": "nix-community",
        "repo": "home-manager",
        "type": "github"
      }
    },
    "nixCats": {
      "inputs": {
        "nixpkgs": "nixpkgs",
        "plugins-hlargs": "plugins-hlargs",
        "plugins-nvim-nio": "plugins-nvim-nio"
      },
      "locked": {
        "lastModified": 1718330979,
        "narHash": "sha256-heEO/f056cn57KSpKcTI1Fv7542BkAG1WjS0MlPyqwI=",
        "owner": "BirdeeHub",
        "repo": "nixCats-nvim",
        "rev": "fc0aa779842997fb355ea4b99bc208b3d226ad4d",
        "type": "github"
      },
      "original": {
        "owner": "BirdeeHub",
        "repo": "nixCats-nvim",
        "type": "github"
      }
    },
    "nixos-boot": {
      "locked": {
        "lastModified": 1713750479,
        "narHash": "sha256-l3DatfyFNZDP/BtWBH3qVG2gKKdYdpEqdovwtf2Op1U=",
        "owner": "HirschBerge",
        "repo": "nixos-boot",
        "rev": "d214f8838bfdddaaf8f745fdea676781ed69019e",
        "type": "github"
      },
      "original": {
        "owner": "HirschBerge",
        "repo": "nixos-boot",
        "type": "github"
      }
    },
    "nixpkgs": {
      "locked": {
        "lastModified": 1718149104,
        "narHash": "sha256-Ds1QpobBX2yoUDx9ZruqVGJ/uQPgcXoYuobBguyKEh8=",
        "owner": "nixos",
        "repo": "nixpkgs",
        "rev": "e913ae340076bbb73d9f4d3d065c2bca7caafb16",
        "type": "github"
      },
      "original": {
        "owner": "nixos",
        "ref": "nixpkgs-unstable",
        "repo": "nixpkgs",
        "type": "github"
      }
    },
    "nixpkgs_2": {
      "locked": {
        "lastModified": 1718530797,
        "narHash": "sha256-pup6cYwtgvzDpvpSCFh1TEUjw2zkNpk8iolbKnyFmmU=",
        "owner": "nixos",
        "repo": "nixpkgs",
        "rev": "b60ebf54c15553b393d144357375ea956f89e9a9",
        "type": "github"
      },
      "original": {
        "owner": "nixos",
        "ref": "nixos-unstable",
        "repo": "nixpkgs",
        "type": "github"
      }
    },
    "nur": {
      "locked": {
        "lastModified": 1718746251,
        "narHash": "sha256-wuNm++XFrZ4PRAJLD5edzIK/RjaqyWBcTYh0nV8ohd4=",
        "owner": "nix-community",
        "repo": "nur",
        "rev": "50687bbf5ce6372f107bd2030a4ac290bb715533",
        "type": "github"
      },
      "original": {
        "owner": "nix-community",
        "repo": "nur",
        "type": "github"
      }
    },
    "plugins-hlargs": {
      "flake": false,
      "locked": {
        "lastModified": 1716054457,
        "narHash": "sha256-V3XG1SCBz+EvObW7JSNIUxGZLv6zoRXyap7nRETmUA8=",
        "owner": "m-demare",
        "repo": "hlargs.nvim",
        "rev": "30fe1b3de2b7614f061be4fc9c71984a2b87e50a",
        "type": "github"
      },
      "original": {
        "owner": "m-demare",
        "repo": "hlargs.nvim",
        "type": "github"
      }
    },
    "plugins-nvim-nio": {
      "flake": false,
      "locked": {
        "lastModified": 1717951894,
        "narHash": "sha256-gAbqGPNBYkj+x+wR6WN2x7kqKaxlBzVXPmRXm8sM40Y=",
        "owner": "nvim-neotest",
        "repo": "nvim-nio",
        "rev": "7969e0a8ffabdf210edd7978ec954a47a737bbcc",
        "type": "github"
      },
      "original": {
        "owner": "nvim-neotest",
        "repo": "nvim-nio",
        "type": "github"
      }
    },
    "root": {
      "inputs": {
        "home-manager": "home-manager",
        "nixCats": "nixCats",
        "nixos-boot": "nixos-boot",
        "nixpkgs": "nixpkgs_2",
        "nur": "nur"
      }
    }
  },
  "root": "root",
  "version": 7
}
