{
  "nodes": {
    "home-manager": {
      "inputs": {
        "nixpkgs": [
          "nixpkgs"
        ]
      },
      "locked": {
        "lastModified": 1727111745,
        "narHash": "sha256-EYLvFRoTPWtD+3uDg2wwQvlz88OrIr3zld+jFE5gDcY=",
        "owner": "nix-community",
        "repo": "home-manager",
        "rev": "21c021862fa696c8199934e2153214ab57150cb6",
        "type": "github"
      },
      "original": {
        "owner": "nix-community",
        "repo": "home-manager",
        "type": "github"
      }
    },
    "hyprlang": {
      "inputs": {
        "nixpkgs": [
          "rose-pine-hyprcursor",
          "nixpkgs"
        ],
        "systems": "systems"
      },
      "locked": {
        "lastModified": 1709914708,
        "narHash": "sha256-bR4o3mynoTa1Wi4ZTjbnsZ6iqVcPGriXp56bZh5UFTk=",
        "owner": "hyprwm",
        "repo": "hyprlang",
        "rev": "a685493fdbeec01ca8ccdf1f3655c044a8ce2fe2",
        "type": "github"
      },
      "original": {
        "owner": "hyprwm",
        "repo": "hyprlang",
        "type": "github"
      }
    },
    "nixCats": {
      "inputs": {
        "nixpkgs": [
          "nixpkgs"
        ]
      },
      "locked": {
        "lastModified": 1726523552,
        "narHash": "sha256-RqOJeQlX2+H5j+RdFzTc7QSf4/qK4Oe01KpE2713Cws=",
        "owner": "BirdeeHub",
        "repo": "nixCats-nvim",
        "rev": "2b455dab0eee7484ce7c956dccda0a7c2111c18b",
        "type": "github"
      },
      "original": {
        "owner": "BirdeeHub",
        "repo": "nixCats-nvim",
        "type": "github"
      }
    },
    "nixos-boot": {
      "locked": {
        "lastModified": 1713750479,
        "narHash": "sha256-l3DatfyFNZDP/BtWBH3qVG2gKKdYdpEqdovwtf2Op1U=",
        "owner": "HirschBerge",
        "repo": "nixos-boot",
        "rev": "d214f8838bfdddaaf8f745fdea676781ed69019e",
        "type": "github"
      },
      "original": {
        "owner": "HirschBerge",
        "repo": "nixos-boot",
        "type": "github"
      }
    },
    "nixpkgs": {
      "locked": {
        "lastModified": 1726937504,
        "narHash": "sha256-bvGoiQBvponpZh8ClUcmJ6QnsNKw0EMrCQJARK3bI1c=",
        "owner": "nixos",
        "repo": "nixpkgs",
        "rev": "9357f4f23713673f310988025d9dc261c20e70c6",
        "type": "github"
      },
      "original": {
        "owner": "nixos",
        "ref": "nixos-unstable",
        "repo": "nixpkgs",
        "type": "github"
      }
    },
    "nixpkgs_2": {
      "locked": {
        "lastModified": 1710272261,
        "narHash": "sha256-g0bDwXFmTE7uGDOs9HcJsfLFhH7fOsASbAuOzDC+fhQ=",
        "owner": "NixOS",
        "repo": "nixpkgs",
        "rev": "0ad13a6833440b8e238947e47bea7f11071dc2b2",
        "type": "github"
      },
      "original": {
        "owner": "NixOS",
        "ref": "nixos-unstable",
        "repo": "nixpkgs",
        "type": "github"
      }
    },
    "nur": {
      "locked": {
        "lastModified": 1727214314,
        "narHash": "sha256-HUM3HJSXDPHMVoBSB5lTEkJLTdPyqtnKUH6wix0h+4Y=",
        "owner": "nix-community",
        "repo": "nur",
        "rev": "21272b588d551b6eeb549f96bd449119cc61ed27",
        "type": "github"
      },
      "original": {
        "owner": "nix-community",
        "repo": "nur",
        "type": "github"
      }
    },
    "root": {
      "inputs": {
        "home-manager": "home-manager",
        "nixCats": "nixCats",
        "nixos-boot": "nixos-boot",
        "nixpkgs": "nixpkgs",
        "nur": "nur",
        "rose-pine-hyprcursor": "rose-pine-hyprcursor"
      }
    },
    "rose-pine-hyprcursor": {
      "inputs": {
        "hyprlang": "hyprlang",
        "nixpkgs": "nixpkgs_2",
        "utils": "utils"
      },
      "locked": {
        "lastModified": 1718180692,
        "narHash": "sha256-J5IYvKcdGRL/sBuST5WaoESEIl7KPv8aJK8aLY6C91E=",
        "owner": "ndom91",
        "repo": "rose-pine-hyprcursor",
        "rev": "40ce26cb29206722ff73839ead0d871d94751e90",
        "type": "github"
      },
      "original": {
        "owner": "ndom91",
        "repo": "rose-pine-hyprcursor",
        "type": "github"
      }
    },
    "systems": {
      "locked": {
        "lastModified": 1689347949,
        "narHash": "sha256-12tWmuL2zgBgZkdoB6qXZsgJEH9LR3oUgpaQq2RbI80=",
        "owner": "nix-systems",
        "repo": "default-linux",
        "rev": "31732fcf5e8fea42e59c2488ad31a0e651500f68",
        "type": "github"
      },
      "original": {
        "owner": "nix-systems",
        "repo": "default-linux",
        "type": "github"
      }
    },
    "systems_2": {
      "locked": {
        "lastModified": 1681028828,
        "narHash": "sha256-Vy1rq5AaRuLzOxct8nz4T6wlgyUR7zLU309k9mBC768=",
        "owner": "nix-systems",
        "repo": "default",
        "rev": "da67096a3b9bf56a91d16901293e51ba5b49a27e",
        "type": "github"
      },
      "original": {
        "owner": "nix-systems",
        "repo": "default",
        "type": "github"
      }
    },
    "utils": {
      "inputs": {
        "systems": "systems_2"
      },
      "locked": {
        "lastModified": 1710146030,
        "narHash": "sha256-SZ5L6eA7HJ/nmkzGG7/ISclqe6oZdOZTNoesiInkXPQ=",
        "owner": "numtide",
        "repo": "flake-utils",
        "rev": "b1d9ab70662946ef0850d488da1c9019f3a9752a",
        "type": "github"
      },
      "original": {
        "owner": "numtide",
        "repo": "flake-utils",
        "type": "github"
      }
    }
  },
  "root": "root",
  "version": 7
}
